
Microsoft Visual Studio Solution File, Format Version 12.00
Project("{FAE04EC0-301F-11D3-BF4B-00C04F79EFBC}") = "QuartzShelf", "QuartzShelf.csproj", "{65E700A2-ABF5-4D5D-8830-58BC846ABB82}"
EndProject
Global
	GlobalSection(SolutionConfigurationPlatforms) = preSolution
		Debug|Any CPU = Debug|Any CPU
		Release|Any CPU = Release|Any CPU
	EndGlobalSection
	GlobalSection(ProjectConfigurationPlatforms) = postSolution
		{65E700A2-ABF5-4D5D-8830-58BC846ABB82}.Debug|Any CPU.ActiveCfg = Debug|Any CPU
		{65E700A2-ABF5-4D5D-8830-58BC846ABB82}.Debug|Any CPU.Build.0 = Debug|Any CPU
		{65E700A2-ABF5-4D5D-8830-58BC846ABB82}.Release|Any CPU.ActiveCfg = Release|Any CPU
		{65E700A2-ABF5-4D5D-8830-58BC846ABB82}.Release|Any CPU.Build.0 = Release|Any CPU
	EndGlobalSection
EndGlobal
